// !$*UTF8*$!
{
	archiveVersion = 1;
	classes = {
	};
	objectVersion = 46;
	objects = {

/* Begin PBXBuildFile section */
		5DBADBF41DBB97DC007E0762 /* main.cpp in Sources */ = {isa = PBXBuildFile; fileRef = 5DBADBF31DBB97DC007E0762 /* main.cpp */; };
		5DBADBFF1DBBABC8007E0762 /* value.cpp in Sources */ = {isa = PBXBuildFile; fileRef = 5DBADBFE1DBBABC7007E0762 /* value.cpp */; };
		5DBADC021DBBC65E007E0762 /* util.cpp in Sources */ = {isa = PBXBuildFile; fileRef = 5DBADC001DBBC65E007E0762 /* util.cpp */; };
/* End PBXBuildFile section */

/* Begin PBXCopyFilesBuildPhase section */
		5DBADBEE1DBB97DB007E0762 /* CopyFiles */ = {
			isa = PBXCopyFilesBuildPhase;
			buildActionMask = 2147483647;
			dstPath = /usr/share/man/man1/;
			dstSubfolderSpec = 0;
			files = (
			);
			runOnlyForDeploymentPostprocessing = 1;
		};
/* End PBXCopyFilesBuildPhase section */

/* Begin PBXFileReference section */
		5DBADBF01DBB97DC007E0762 /* minilisp */ = {isa = PBXFileReference; explicitFileType = "compiled.mach-o.executable"; includeInIndex = 0; path = minilisp; sourceTree = BUILT_PRODUCTS_DIR; };
		5DBADBF31DBB97DC007E0762 /* main.cpp */ = {isa = PBXFileReference; lastKnownFileType = sourcecode.cpp.cpp; path = main.cpp; sourceTree = "<group>"; };
		5DBADBFE1DBBABC7007E0762 /* value.cpp */ = {isa = PBXFileReference; fileEncoding = 4; lastKnownFileType = sourcecode.cpp.cpp; path = value.cpp; sourceTree = "<group>"; };
		5DBADC001DBBC65E007E0762 /* util.cpp */ = {isa = PBXFileReference; fileEncoding = 4; lastKnownFileType = sourcecode.cpp.cpp; path = util.cpp; sourceTree = "<group>"; };
		5DBADC011DBBC65E007E0762 /* util.hpp */ = {isa = PBXFileReference; fileEncoding = 4; lastKnownFileType = sourcecode.cpp.h; path = util.hpp; sourceTree = "<group>"; };
		5DEA4E2A1DBBCA5D009366B0 /* value.hpp */ = {isa = PBXFileReference; fileEncoding = 4; lastKnownFileType = sourcecode.cpp.h; path = value.hpp; sourceTree = "<group>"; };
		5DEA4E2B1DBD14C5009366B0 /* exceptions.hpp */ = {isa = PBXFileReference; fileEncoding = 4; lastKnownFileType = sourcecode.cpp.h; path = exceptions.hpp; sourceTree = "<group>"; };
/* End PBXFileReference section */

/* Begin PBXFrameworksBuildPhase section */
		5DBADBED1DBB97DB007E0762 /* Frameworks */ = {
			isa = PBXFrameworksBuildPhase;
			buildActionMask = 2147483647;
			files = (
			);
			runOnlyForDeploymentPostprocessing = 0;
		};
/* End PBXFrameworksBuildPhase section */

/* Begin PBXGroup section */
		5DBADBE71DBB97DB007E0762 = {
			isa = PBXGroup;
			children = (
				5DBADBF21DBB97DC007E0762 /* minilisp */,
				5DBADBF11DBB97DC007E0762 /* Products */,
			);
			sourceTree = "<group>";
		};
		5DBADBF11DBB97DC007E0762 /* Products */ = {
			isa = PBXGroup;
			children = (
				5DBADBF01DBB97DC007E0762 /* minilisp */,
			);
			name = Products;
			sourceTree = "<group>";
		};
		5DBADBF21DBB97DC007E0762 /* minilisp */ = {
			isa = PBXGroup;
			children = (
				5DEA4E2A1DBBCA5D009366B0 /* value.hpp */,
				5DBADBF31DBB97DC007E0762 /* main.cpp */,
				5DBADBFE1DBBABC7007E0762 /* value.cpp */,
				5DBADC001DBBC65E007E0762 /* util.cpp */,
				5DBADC011DBBC65E007E0762 /* util.hpp */,
				5DEA4E2B1DBD14C5009366B0 /* exceptions.hpp */,
			);
			path = minilisp;
			sourceTree = "<group>";
		};
/* End PBXGroup section */

/* Begin PBXNativeTarget section */
		5DBADBEF1DBB97DB007E0762 /* minilisp */ = {
			isa = PBXNativeTarget;
			buildConfigurationList = 5DBADBF71DBB97DC007E0762 /* Build configuration list for PBXNativeTarget "minilisp" */;
			buildPhases = (
				5DBADBEC1DBB97DB007E0762 /* Sources */,
				5DBADBED1DBB97DB007E0762 /* Frameworks */,
				5DBADBEE1DBB97DB007E0762 /* CopyFiles */,
			);
			buildRules = (
			);
			dependencies = (
			);
			name = minilisp;
			productName = minilisp;
			productReference = 5DBADBF01DBB97DC007E0762 /* minilisp */;
			productType = "com.apple.product-type.tool";
		};
/* End PBXNativeTarget section */

/* Begin PBXProject section */
		5DBADBE81DBB97DB007E0762 /* Project object */ = {
			isa = PBXProject;
			attributes = {
				LastUpgradeCheck = 0800;
				ORGANIZATIONNAME = vas;
				TargetAttributes = {
					5DBADBEF1DBB97DB007E0762 = {
						CreatedOnToolsVersion = 8.0;
						ProvisioningStyle = Automatic;
					};
				};
			};
			buildConfigurationList = 5DBADBEB1DBB97DB007E0762 /* Build configuration list for PBXProject "minilisp" */;
			compatibilityVersion = "Xcode 3.2";
			developmentRegion = English;
			hasScannedForEncodings = 0;
			knownRegions = (
				en,
			);
			mainGroup = 5DBADBE71DBB97DB007E0762;
			productRefGroup = 5DBADBF11DBB97DC007E0762 /* Products */;
			projectDirPath = "";
			projectRoot = "";
			targets = (
				5DBADBEF1DBB97DB007E0762 /* minilisp */,
			);
		};
/* End PBXProject section */

/* Begin PBXSourcesBuildPhase section */
		5DBADBEC1DBB97DB007E0762 /* Sources */ = {
			isa = PBXSourcesBuildPhase;
			buildActionMask = 2147483647;
			files = (
				5DBADBF41DBB97DC007E0762 /* main.cpp in Sources */,
				5DBADBFF1DBBABC8007E0762 /* value.cpp in Sources */,
				5DBADC021DBBC65E007E0762 /* util.cpp in Sources */,
			);
			runOnlyForDeploymentPostprocessing = 0;
		};
/* End PBXSourcesBuildPhase section */

/* Begin XCBuildConfiguration section */
		5DBADBF51DBB97DC007E0762 /* Debug */ = {
			isa = XCBuildConfiguration;
			buildSettings = {
				ALWAYS_SEARCH_USER_PATHS = NO;
				CLANG_ANALYZER_NONNULL = YES;
				CLANG_CXX_LANGUAGE_STANDARD = "gnu++0x";
				CLANG_CXX_LIBRARY = "libc++";
				CLANG_ENABLE_MODULES = YES;
				CLANG_ENABLE_OBJC_ARC = YES;
				CLANG_WARN_BOOL_CONVERSION = YES;
				CLANG_WARN_CONSTANT_CONVERSION = YES;
				CLANG_WARN_DIRECT_OBJC_ISA_USAGE = YES_ERROR;
				CLANG_WARN_DOCUMENTATION_COMMENTS = YES;
				CLANG_WARN_EMPTY_BODY = YES;
				CLANG_WARN_ENUM_CONVERSION = YES;
				CLANG_WARN_INFINITE_RECURSION = YES;
				CLANG_WARN_INT_CONVERSION = YES;
				CLANG_WARN_OBJC_ROOT_CLASS = YES_ERROR;
				CLANG_WARN_SUSPICIOUS_MOVES = YES;
				CLANG_WARN_UNREACHABLE_CODE = YES;
				CLANG_WARN__DUPLICATE_METHOD_MATCH = YES;
				CODE_SIGN_IDENTITY = "-";
				COPY_PHASE_STRIP = NO;
				DEBUG_INFORMATION_FORMAT = dwarf;
				ENABLE_STRICT_OBJC_MSGSEND = YES;
				ENABLE_TESTABILITY = YES;
				GCC_C_LANGUAGE_STANDARD = gnu99;
				GCC_DYNAMIC_NO_PIC = NO;
				GCC_NO_COMMON_BLOCKS = YES;
				GCC_OPTIMIZATION_LEVEL = 0;
				GCC_PREPROCESSOR_DEFINITIONS = (
					"DEBUG=1",
					"$(inherited)",
				);
				GCC_WARN_64_TO_32_BIT_CONVERSION = YES;
				GCC_WARN_ABOUT_RETURN_TYPE = YES_ERROR;
				GCC_WARN_UNDECLARED_SELECTOR = YES;
				GCC_WARN_UNINITIALIZED_AUTOS = YES_AGGRESSIVE;
				GCC_WARN_UNUSED_FUNCTION = YES;
				GCC_WARN_UNUSED_VARIABLE = YES;
				MACOSX_DEPLOYMENT_TARGET = 10.12;
				MTL_ENABLE_DEBUG_INFO = YES;
				ONLY_ACTIVE_ARCH = YES;
				SDKROOT = macosx;
			};
			name = Debug;
		};
		5DBADBF61DBB97DC007E0762 /* Release */ = {
			isa = XCBuildConfiguration;
			buildSettings = {
				ALWAYS_SEARCH_USER_PATHS = NO;
				CLANG_ANALYZER_NONNULL = YES;
				CLANG_CXX_LANGUAGE_STANDARD = "gnu++0x";
				CLANG_CXX_LIBRARY = "libc++";
				CLANG_ENABLE_MODULES = YES;
				CLANG_ENABLE_OBJC_ARC = YES;
				CLANG_WARN_BOOL_CONVERSION = YES;
				CLANG_WARN_CONSTANT_CONVERSION = YES;
				CLANG_WARN_DIRECT_OBJC_ISA_USAGE = YES_ERROR;
				CLANG_WARN_DOCUMENTATION_COMMENTS = YES;
				CLANG_WARN_EMPTY_BODY = YES;
				CLANG_WARN_ENUM_CONVERSION = YES;
				CLANG_WARN_INFINITE_RECURSION = YES;
				CLANG_WARN_INT_CONVERSION = YES;
				CLANG_WARN_OBJC_ROOT_CLASS = YES_ERROR;
				CLANG_WARN_SUSPICIOUS_MOVES = YES;
				CLANG_WARN_UNREACHABLE_CODE = YES;
				CLANG_WARN__DUPLICATE_METHOD_MATCH = YES;
				CODE_SIGN_IDENTITY = "-";
				COPY_PHASE_STRIP = NO;
				DEBUG_INFORMATION_FORMAT = "dwarf-with-dsym";
				ENABLE_NS_ASSERTIONS = NO;
				ENABLE_STRICT_OBJC_MSGSEND = YES;
				GCC_C_LANGUAGE_STANDARD = gnu99;
				GCC_NO_COMMON_BLOCKS = YES;
				GCC_WARN_64_TO_32_BIT_CONVERSION = YES;
				GCC_WARN_ABOUT_RETURN_TYPE = YES_ERROR;
				GCC_WARN_UNDECLARED_SELECTOR = YES;
				GCC_WARN_UNINITIALIZED_AUTOS = YES_AGGRESSIVE;
				GCC_WARN_UNUSED_FUNCTION = YES;
				GCC_WARN_UNUSED_VARIABLE = YES;
				MACOSX_DEPLOYMENT_TARGET = 10.12;
				MTL_ENABLE_DEBUG_INFO = NO;
				SDKROOT = macosx;
			};
			name = Release;
		};
		5DBADBF81DBB97DC007E0762 /* Debug */ = {
			isa = XCBuildConfiguration;
			buildSettings = {
				PRODUCT_NAME = "$(TARGET_NAME)";
			};
			name = Debug;
		};
		5DBADBF91DBB97DC007E0762 /* Release */ = {
			isa = XCBuildConfiguration;
			buildSettings = {
				PRODUCT_NAME = "$(TARGET_NAME)";
			};
			name = Release;
		};
/* End XCBuildConfiguration section */

/* Begin XCConfigurationList section */
		5DBADBEB1DBB97DB007E0762 /* Build configuration list for PBXProject "minilisp" */ = {
			isa = XCConfigurationList;
			buildConfigurations = (
				5DBADBF51DBB97DC007E0762 /* Debug */,
				5DBADBF61DBB97DC007E0762 /* Release */,
			);
			defaultConfigurationIsVisible = 0;
			defaultConfigurationName = Release;
		};
		5DBADBF71DBB97DC007E0762 /* Build configuration list for PBXNativeTarget "minilisp" */ = {
			isa = XCConfigurationList;
			buildConfigurations = (
				5DBADBF81DBB97DC007E0762 /* Debug */,
				5DBADBF91DBB97DC007E0762 /* Release */,
			);
			defaultConfigurationIsVisible = 0;
			defaultConfigurationName = Release;
		};
/* End XCConfigurationList section */
	};
	rootObject = 5DBADBE81DBB97DB007E0762 /* Project object */;
}
